
Microsoft Visual Studio Solution File, Format Version 12.00
# Visual Studio Version 17
VisualStudioVersion = 17.13.35825.156 d17.13
MinimumVisualStudioVersion = 10.0.40219.1
Project("{8BC9CEB8-8B4A-11D0-8D11-00A0C91BC942}") = "Student Manager App", "Student Manager App\Student Manager App.vcxproj", "{C9A9D150-B11D-4AA2-85CA-B8DCFAA3BF37}"
EndProject
Global
	GlobalSection(SolutionConfigurationPlatforms) = preSolution
		Debug|x64 = Debug|x64
		Debug|x86 = Debug|x86
		Release|x64 = Release|x64
		Release|x86 = Release|x86
	EndGlobalSection
	GlobalSection(ProjectConfigurationPlatforms) = postSolution
		{C9A9D150-B11D-4AA2-85CA-B8DCFAA3BF37}.Debug|x64.ActiveCfg = Debug|x64
		{C9A9D150-B11D-4AA2-85CA-B8DCFAA3BF37}.Debug|x64.Build.0 = Debug|x64
		{C9A9D150-B11D-4AA2-85CA-B8DCFAA3BF37}.Debug|x86.ActiveCfg = Debug|Win32
		{C9A9D150-B11D-4AA2-85CA-B8DCFAA3BF37}.Debug|x86.Build.0 = Debug|Win32
		{C9A9D150-B11D-4AA2-85CA-B8DCFAA3BF37}.Release|x64.ActiveCfg = Release|x64
		{C9A9D150-B11D-4AA2-85CA-B8DCFAA3BF37}.Release|x64.Build.0 = Release|x64
		{C9A9D150-B11D-4AA2-85CA-B8DCFAA3BF37}.Release|x86.ActiveCfg = Release|Win32
		{C9A9D150-B11D-4AA2-85CA-B8DCFAA3BF37}.Release|x86.Build.0 = Release|Win32
	EndGlobalSection
	GlobalSection(SolutionProperties) = preSolution
		HideSolutionNode = FALSE
	EndGlobalSection
	GlobalSection(ExtensibilityGlobals) = postSolution
		SolutionGuid = {8F094A1A-FED4-44A6-97ED-AEFEA86EB64E}
	EndGlobalSection
EndGlobal
